
Microsoft Visual Studio Solution File, Format Version 12.00
# Visual Studio 15
VisualStudioVersion = 15.0.28307.572
MinimumVisualStudioVersion = 10.0.40219.1
Project("{FAE04EC0-301F-11D3-BF4B-00C04F79EFBC}") = "SM.API", "SM.API\SM.API.csproj", "{EBC977B5-9AC3-48D8-9CC3-91A5C5262120}"
EndProject
Project("{FAE04EC0-301F-11D3-BF4B-00C04F79EFBC}") = "Model", "Model\Model.csproj", "{94093E6D-F40B-4E8E-BCE8-0D6ED819A874}"
EndProject
Project("{FAE04EC0-301F-11D3-BF4B-00C04F79EFBC}") = "Service", "Service\Service.csproj", "{6F159251-63D3-418E-A17F-1C91CC000CE6}"
EndProject
Global
	GlobalSection(SolutionConfigurationPlatforms) = preSolution
		Debug|Any CPU = Debug|Any CPU
		Release|Any CPU = Release|Any CPU
	EndGlobalSection
	GlobalSection(ProjectConfigurationPlatforms) = postSolution
		{EBC977B5-9AC3-48D8-9CC3-91A5C5262120}.Debug|Any CPU.ActiveCfg = Debug|Any CPU
		{EBC977B5-9AC3-48D8-9CC3-91A5C5262120}.Debug|Any CPU.Build.0 = Debug|Any CPU
		{EBC977B5-9AC3-48D8-9CC3-91A5C5262120}.Release|Any CPU.ActiveCfg = Release|Any CPU
		{EBC977B5-9AC3-48D8-9CC3-91A5C5262120}.Release|Any CPU.Build.0 = Release|Any CPU
		{94093E6D-F40B-4E8E-BCE8-0D6ED819A874}.Debug|Any CPU.ActiveCfg = Debug|Any CPU
		{94093E6D-F40B-4E8E-BCE8-0D6ED819A874}.Debug|Any CPU.Build.0 = Debug|Any CPU
		{94093E6D-F40B-4E8E-BCE8-0D6ED819A874}.Release|Any CPU.ActiveCfg = Release|Any CPU
		{94093E6D-F40B-4E8E-BCE8-0D6ED819A874}.Release|Any CPU.Build.0 = Release|Any CPU
		{6F159251-63D3-418E-A17F-1C91CC000CE6}.Debug|Any CPU.ActiveCfg = Debug|Any CPU
		{6F159251-63D3-418E-A17F-1C91CC000CE6}.Debug|Any CPU.Build.0 = Debug|Any CPU
		{6F159251-63D3-418E-A17F-1C91CC000CE6}.Release|Any CPU.ActiveCfg = Release|Any CPU
		{6F159251-63D3-418E-A17F-1C91CC000CE6}.Release|Any CPU.Build.0 = Release|Any CPU
	EndGlobalSection
	GlobalSection(SolutionProperties) = preSolution
		HideSolutionNode = FALSE
	EndGlobalSection
	GlobalSection(ExtensibilityGlobals) = postSolution
		SolutionGuid = {EE260C3C-F925-47B7-BD0F-20B44567DF31}
	EndGlobalSection
EndGlobal
